
Microsoft Visual Studio Solution File, Format Version 11.00
# Visual Studio 2010
Project("{FAE04EC0-301F-11D3-BF4B-00C04F79EFBC}") = "CalculatorServer", "CalculatorServer\CalculatorServer.csproj", "{1BB6B428-E4C3-467F-824F-1DB84E310FF2}"
EndProject
Project("{FAE04EC0-301F-11D3-BF4B-00C04F79EFBC}") = "CalculatorCommonLib", "CalculatorCommonLib\CalculatorCommonLib.csproj", "{6F2D58C9-0395-4048-A304-17304D12BC63}"
EndProject
Project("{FAE04EC0-301F-11D3-BF4B-00C04F79EFBC}") = "CalculatorClient", "CalculatorClient\CalculatorClient.csproj", "{6DD6F730-E353-4B0C-9655-8370A943A7BF}"
EndProject
Global
	GlobalSection(SolutionConfigurationPlatforms) = preSolution
		Debug|Any CPU = Debug|Any CPU
		Debug|Mixed Platforms = Debug|Mixed Platforms
		Debug|x86 = Debug|x86
		Release|Any CPU = Release|Any CPU
		Release|Mixed Platforms = Release|Mixed Platforms
		Release|x86 = Release|x86
	EndGlobalSection
	GlobalSection(ProjectConfigurationPlatforms) = postSolution
		{1BB6B428-E4C3-467F-824F-1DB84E310FF2}.Debug|Any CPU.ActiveCfg = Debug|x86
		{1BB6B428-E4C3-467F-824F-1DB84E310FF2}.Debug|Mixed Platforms.ActiveCfg = Debug|x86
		{1BB6B428-E4C3-467F-824F-1DB84E310FF2}.Debug|Mixed Platforms.Build.0 = Debug|x86
		{1BB6B428-E4C3-467F-824F-1DB84E310FF2}.Debug|x86.ActiveCfg = Debug|x86
		{1BB6B428-E4C3-467F-824F-1DB84E310FF2}.Debug|x86.Build.0 = Debug|x86
		{1BB6B428-E4C3-467F-824F-1DB84E310FF2}.Release|Any CPU.ActiveCfg = Release|x86
		{1BB6B428-E4C3-467F-824F-1DB84E310FF2}.Release|Mixed Platforms.ActiveCfg = Release|x86
		{1BB6B428-E4C3-467F-824F-1DB84E310FF2}.Release|Mixed Platforms.Build.0 = Release|x86
		{1BB6B428-E4C3-467F-824F-1DB84E310FF2}.Release|x86.ActiveCfg = Release|x86
		{1BB6B428-E4C3-467F-824F-1DB84E310FF2}.Release|x86.Build.0 = Release|x86
		{6F2D58C9-0395-4048-A304-17304D12BC63}.Debug|Any CPU.ActiveCfg = Debug|Any CPU
		{6F2D58C9-0395-4048-A304-17304D12BC63}.Debug|Any CPU.Build.0 = Debug|Any CPU
		{6F2D58C9-0395-4048-A304-17304D12BC63}.Debug|Mixed Platforms.ActiveCfg = Debug|Any CPU
		{6F2D58C9-0395-4048-A304-17304D12BC63}.Debug|Mixed Platforms.Build.0 = Debug|Any CPU
		{6F2D58C9-0395-4048-A304-17304D12BC63}.Debug|x86.ActiveCfg = Debug|Any CPU
		{6F2D58C9-0395-4048-A304-17304D12BC63}.Release|Any CPU.ActiveCfg = Release|Any CPU
		{6F2D58C9-0395-4048-A304-17304D12BC63}.Release|Any CPU.Build.0 = Release|Any CPU
		{6F2D58C9-0395-4048-A304-17304D12BC63}.Release|Mixed Platforms.ActiveCfg = Release|Any CPU
		{6F2D58C9-0395-4048-A304-17304D12BC63}.Release|Mixed Platforms.Build.0 = Release|Any CPU
		{6F2D58C9-0395-4048-A304-17304D12BC63}.Release|x86.ActiveCfg = Release|Any CPU
		{6DD6F730-E353-4B0C-9655-8370A943A7BF}.Debug|Any CPU.ActiveCfg = Debug|x86
		{6DD6F730-E353-4B0C-9655-8370A943A7BF}.Debug|Mixed Platforms.ActiveCfg = Debug|x86
		{6DD6F730-E353-4B0C-9655-8370A943A7BF}.Debug|Mixed Platforms.Build.0 = Debug|x86
		{6DD6F730-E353-4B0C-9655-8370A943A7BF}.Debug|x86.ActiveCfg = Debug|x86
		{6DD6F730-E353-4B0C-9655-8370A943A7BF}.Debug|x86.Build.0 = Debug|x86
		{6DD6F730-E353-4B0C-9655-8370A943A7BF}.Release|Any CPU.ActiveCfg = Release|x86
		{6DD6F730-E353-4B0C-9655-8370A943A7BF}.Release|Mixed Platforms.ActiveCfg = Release|x86
		{6DD6F730-E353-4B0C-9655-8370A943A7BF}.Release|Mixed Platforms.Build.0 = Release|x86
		{6DD6F730-E353-4B0C-9655-8370A943A7BF}.Release|x86.ActiveCfg = Release|x86
		{6DD6F730-E353-4B0C-9655-8370A943A7BF}.Release|x86.Build.0 = Release|x86
	EndGlobalSection
	GlobalSection(SolutionProperties) = preSolution
		HideSolutionNode = FALSE
	EndGlobalSection
EndGlobal
