
Microsoft Visual Studio Solution File, Format Version 11.00
# Visual Studio 2010
Project("{FAE04EC0-301F-11D3-BF4B-00C04F79EFBC}") = "ChatCommonLib", "ChatCommonLib\ChatCommonLib.csproj", "{A57047DE-CC39-4C01-955E-D73888A0C83D}"
EndProject
Project("{FAE04EC0-301F-11D3-BF4B-00C04F79EFBC}") = "ChatServerApp", "ChatServerApp\ChatServerApp.csproj", "{277B1094-3C64-4EDE-A17E-A975D797A30B}"
EndProject
Project("{FAE04EC0-301F-11D3-BF4B-00C04F79EFBC}") = "ChatClientApp", "ChatClientApp\ChatClientApp.csproj", "{6571B5F6-C92F-4266-ACC9-186347994E9F}"
EndProject
Global
	GlobalSection(SolutionConfigurationPlatforms) = preSolution
		Debug|Any CPU = Debug|Any CPU
		Debug|Mixed Platforms = Debug|Mixed Platforms
		Debug|x86 = Debug|x86
		Release|Any CPU = Release|Any CPU
		Release|Mixed Platforms = Release|Mixed Platforms
		Release|x86 = Release|x86
	EndGlobalSection
	GlobalSection(ProjectConfigurationPlatforms) = postSolution
		{A57047DE-CC39-4C01-955E-D73888A0C83D}.Debug|Any CPU.ActiveCfg = Debug|Any CPU
		{A57047DE-CC39-4C01-955E-D73888A0C83D}.Debug|Any CPU.Build.0 = Debug|Any CPU
		{A57047DE-CC39-4C01-955E-D73888A0C83D}.Debug|Mixed Platforms.ActiveCfg = Debug|Any CPU
		{A57047DE-CC39-4C01-955E-D73888A0C83D}.Debug|Mixed Platforms.Build.0 = Debug|Any CPU
		{A57047DE-CC39-4C01-955E-D73888A0C83D}.Debug|x86.ActiveCfg = Debug|Any CPU
		{A57047DE-CC39-4C01-955E-D73888A0C83D}.Release|Any CPU.ActiveCfg = Release|Any CPU
		{A57047DE-CC39-4C01-955E-D73888A0C83D}.Release|Any CPU.Build.0 = Release|Any CPU
		{A57047DE-CC39-4C01-955E-D73888A0C83D}.Release|Mixed Platforms.ActiveCfg = Release|Any CPU
		{A57047DE-CC39-4C01-955E-D73888A0C83D}.Release|Mixed Platforms.Build.0 = Release|Any CPU
		{A57047DE-CC39-4C01-955E-D73888A0C83D}.Release|x86.ActiveCfg = Release|Any CPU
		{277B1094-3C64-4EDE-A17E-A975D797A30B}.Debug|Any CPU.ActiveCfg = Debug|x86
		{277B1094-3C64-4EDE-A17E-A975D797A30B}.Debug|Mixed Platforms.ActiveCfg = Debug|x86
		{277B1094-3C64-4EDE-A17E-A975D797A30B}.Debug|Mixed Platforms.Build.0 = Debug|x86
		{277B1094-3C64-4EDE-A17E-A975D797A30B}.Debug|x86.ActiveCfg = Debug|x86
		{277B1094-3C64-4EDE-A17E-A975D797A30B}.Debug|x86.Build.0 = Debug|x86
		{277B1094-3C64-4EDE-A17E-A975D797A30B}.Release|Any CPU.ActiveCfg = Release|x86
		{277B1094-3C64-4EDE-A17E-A975D797A30B}.Release|Mixed Platforms.ActiveCfg = Release|x86
		{277B1094-3C64-4EDE-A17E-A975D797A30B}.Release|Mixed Platforms.Build.0 = Release|x86
		{277B1094-3C64-4EDE-A17E-A975D797A30B}.Release|x86.ActiveCfg = Release|x86
		{277B1094-3C64-4EDE-A17E-A975D797A30B}.Release|x86.Build.0 = Release|x86
		{6571B5F6-C92F-4266-ACC9-186347994E9F}.Debug|Any CPU.ActiveCfg = Debug|x86
		{6571B5F6-C92F-4266-ACC9-186347994E9F}.Debug|Mixed Platforms.ActiveCfg = Debug|x86
		{6571B5F6-C92F-4266-ACC9-186347994E9F}.Debug|Mixed Platforms.Build.0 = Debug|x86
		{6571B5F6-C92F-4266-ACC9-186347994E9F}.Debug|x86.ActiveCfg = Debug|x86
		{6571B5F6-C92F-4266-ACC9-186347994E9F}.Debug|x86.Build.0 = Debug|x86
		{6571B5F6-C92F-4266-ACC9-186347994E9F}.Release|Any CPU.ActiveCfg = Release|x86
		{6571B5F6-C92F-4266-ACC9-186347994E9F}.Release|Mixed Platforms.ActiveCfg = Release|x86
		{6571B5F6-C92F-4266-ACC9-186347994E9F}.Release|Mixed Platforms.Build.0 = Release|x86
		{6571B5F6-C92F-4266-ACC9-186347994E9F}.Release|x86.ActiveCfg = Release|x86
		{6571B5F6-C92F-4266-ACC9-186347994E9F}.Release|x86.Build.0 = Release|x86
	EndGlobalSection
	GlobalSection(SolutionProperties) = preSolution
		HideSolutionNode = FALSE
	EndGlobalSection
EndGlobal
