
Microsoft Visual Studio Solution File, Format Version 11.00
# Visual Studio 2010
Project("{FAE04EC0-301F-11D3-BF4B-00C04F79EFBC}") = "PhoneBookCommonLib", "PhoneBookCommonLib\PhoneBookCommonLib.csproj", "{10ECC585-8B5F-499E-B65F-F6B0DA17DEA2}"
EndProject
Project("{FAE04EC0-301F-11D3-BF4B-00C04F79EFBC}") = "PhoneBookServer", "PhoneBookServer\PhoneBookServer.csproj", "{739C7AC7-A88F-482D-A459-831600D03E4D}"
EndProject
Project("{FAE04EC0-301F-11D3-BF4B-00C04F79EFBC}") = "PhoneBookClient", "PhoneBookClient\PhoneBookClient.csproj", "{03750D57-CFAC-4262-9C3F-C06A6265361B}"
EndProject
Project("{FAE04EC0-301F-11D3-BF4B-00C04F79EFBC}") = "SimlifiedPhoneBookClient", "SimlifiedPhoneBookClient\SimlifiedPhoneBookClient.csproj", "{C37B1CDC-3F1E-4694-AFAD-235725A9A811}"
EndProject
Global
	GlobalSection(SolutionConfigurationPlatforms) = preSolution
		Debug|Any CPU = Debug|Any CPU
		Debug|Mixed Platforms = Debug|Mixed Platforms
		Debug|x86 = Debug|x86
		Release|Any CPU = Release|Any CPU
		Release|Mixed Platforms = Release|Mixed Platforms
		Release|x86 = Release|x86
	EndGlobalSection
	GlobalSection(ProjectConfigurationPlatforms) = postSolution
		{10ECC585-8B5F-499E-B65F-F6B0DA17DEA2}.Debug|Any CPU.ActiveCfg = Debug|Any CPU
		{10ECC585-8B5F-499E-B65F-F6B0DA17DEA2}.Debug|Any CPU.Build.0 = Debug|Any CPU
		{10ECC585-8B5F-499E-B65F-F6B0DA17DEA2}.Debug|Mixed Platforms.ActiveCfg = Debug|Any CPU
		{10ECC585-8B5F-499E-B65F-F6B0DA17DEA2}.Debug|Mixed Platforms.Build.0 = Debug|Any CPU
		{10ECC585-8B5F-499E-B65F-F6B0DA17DEA2}.Debug|x86.ActiveCfg = Debug|Any CPU
		{10ECC585-8B5F-499E-B65F-F6B0DA17DEA2}.Release|Any CPU.ActiveCfg = Release|Any CPU
		{10ECC585-8B5F-499E-B65F-F6B0DA17DEA2}.Release|Any CPU.Build.0 = Release|Any CPU
		{10ECC585-8B5F-499E-B65F-F6B0DA17DEA2}.Release|Mixed Platforms.ActiveCfg = Release|Any CPU
		{10ECC585-8B5F-499E-B65F-F6B0DA17DEA2}.Release|Mixed Platforms.Build.0 = Release|Any CPU
		{10ECC585-8B5F-499E-B65F-F6B0DA17DEA2}.Release|x86.ActiveCfg = Release|Any CPU
		{739C7AC7-A88F-482D-A459-831600D03E4D}.Debug|Any CPU.ActiveCfg = Debug|x86
		{739C7AC7-A88F-482D-A459-831600D03E4D}.Debug|Mixed Platforms.ActiveCfg = Debug|x86
		{739C7AC7-A88F-482D-A459-831600D03E4D}.Debug|Mixed Platforms.Build.0 = Debug|x86
		{739C7AC7-A88F-482D-A459-831600D03E4D}.Debug|x86.ActiveCfg = Debug|x86
		{739C7AC7-A88F-482D-A459-831600D03E4D}.Debug|x86.Build.0 = Debug|x86
		{739C7AC7-A88F-482D-A459-831600D03E4D}.Release|Any CPU.ActiveCfg = Release|x86
		{739C7AC7-A88F-482D-A459-831600D03E4D}.Release|Mixed Platforms.ActiveCfg = Release|x86
		{739C7AC7-A88F-482D-A459-831600D03E4D}.Release|Mixed Platforms.Build.0 = Release|x86
		{739C7AC7-A88F-482D-A459-831600D03E4D}.Release|x86.ActiveCfg = Release|x86
		{739C7AC7-A88F-482D-A459-831600D03E4D}.Release|x86.Build.0 = Release|x86
		{03750D57-CFAC-4262-9C3F-C06A6265361B}.Debug|Any CPU.ActiveCfg = Debug|x86
		{03750D57-CFAC-4262-9C3F-C06A6265361B}.Debug|Mixed Platforms.ActiveCfg = Debug|x86
		{03750D57-CFAC-4262-9C3F-C06A6265361B}.Debug|Mixed Platforms.Build.0 = Debug|x86
		{03750D57-CFAC-4262-9C3F-C06A6265361B}.Debug|x86.ActiveCfg = Debug|x86
		{03750D57-CFAC-4262-9C3F-C06A6265361B}.Debug|x86.Build.0 = Debug|x86
		{03750D57-CFAC-4262-9C3F-C06A6265361B}.Release|Any CPU.ActiveCfg = Release|x86
		{03750D57-CFAC-4262-9C3F-C06A6265361B}.Release|Mixed Platforms.ActiveCfg = Release|x86
		{03750D57-CFAC-4262-9C3F-C06A6265361B}.Release|Mixed Platforms.Build.0 = Release|x86
		{03750D57-CFAC-4262-9C3F-C06A6265361B}.Release|x86.ActiveCfg = Release|x86
		{03750D57-CFAC-4262-9C3F-C06A6265361B}.Release|x86.Build.0 = Release|x86
		{C37B1CDC-3F1E-4694-AFAD-235725A9A811}.Debug|Any CPU.ActiveCfg = Debug|x86
		{C37B1CDC-3F1E-4694-AFAD-235725A9A811}.Debug|Mixed Platforms.ActiveCfg = Debug|x86
		{C37B1CDC-3F1E-4694-AFAD-235725A9A811}.Debug|Mixed Platforms.Build.0 = Debug|x86
		{C37B1CDC-3F1E-4694-AFAD-235725A9A811}.Debug|x86.ActiveCfg = Debug|x86
		{C37B1CDC-3F1E-4694-AFAD-235725A9A811}.Debug|x86.Build.0 = Debug|x86
		{C37B1CDC-3F1E-4694-AFAD-235725A9A811}.Release|Any CPU.ActiveCfg = Release|x86
		{C37B1CDC-3F1E-4694-AFAD-235725A9A811}.Release|Mixed Platforms.ActiveCfg = Release|x86
		{C37B1CDC-3F1E-4694-AFAD-235725A9A811}.Release|Mixed Platforms.Build.0 = Release|x86
		{C37B1CDC-3F1E-4694-AFAD-235725A9A811}.Release|x86.ActiveCfg = Release|x86
		{C37B1CDC-3F1E-4694-AFAD-235725A9A811}.Release|x86.Build.0 = Release|x86
	EndGlobalSection
	GlobalSection(SolutionProperties) = preSolution
		HideSolutionNode = FALSE
	EndGlobalSection
EndGlobal
